
Microsoft Visual Studio Solution File, Format Version 12.00
# Visual Studio 14
VisualStudioVersion = 14.0.24720.0
MinimumVisualStudioVersion = 10.0.40219.1
Project("{FAE04EC0-301F-11D3-BF4B-00C04F79EFBC}") = "Repositories", "Repositories\Repositories.csproj", "{11E2AF76-2C87-4D6F-B870-63DE110083D5}"
EndProject
Project("{FAE04EC0-301F-11D3-BF4B-00C04F79EFBC}") = "WebUi", "WebUi\WebUi.csproj", "{7ABBB491-44C2-460D-B907-66FC9B4A6EFF}"
EndProject
Project("{FAE04EC0-301F-11D3-BF4B-00C04F79EFBC}") = "Data", "Data\Data.csproj", "{A4D3B8E4-687C-41C2-8011-F422E3852BEB}"
EndProject
Global
	GlobalSection(SolutionConfigurationPlatforms) = preSolution
		Debug|Any CPU = Debug|Any CPU
		Release|Any CPU = Release|Any CPU
	EndGlobalSection
	GlobalSection(ProjectConfigurationPlatforms) = postSolution
		{11E2AF76-2C87-4D6F-B870-63DE110083D5}.Debug|Any CPU.ActiveCfg = Debug|Any CPU
		{11E2AF76-2C87-4D6F-B870-63DE110083D5}.Debug|Any CPU.Build.0 = Debug|Any CPU
		{11E2AF76-2C87-4D6F-B870-63DE110083D5}.Release|Any CPU.ActiveCfg = Release|Any CPU
		{11E2AF76-2C87-4D6F-B870-63DE110083D5}.Release|Any CPU.Build.0 = Release|Any CPU
		{7ABBB491-44C2-460D-B907-66FC9B4A6EFF}.Debug|Any CPU.ActiveCfg = Debug|Any CPU
		{7ABBB491-44C2-460D-B907-66FC9B4A6EFF}.Debug|Any CPU.Build.0 = Debug|Any CPU
		{7ABBB491-44C2-460D-B907-66FC9B4A6EFF}.Release|Any CPU.ActiveCfg = Release|Any CPU
		{7ABBB491-44C2-460D-B907-66FC9B4A6EFF}.Release|Any CPU.Build.0 = Release|Any CPU
		{A4D3B8E4-687C-41C2-8011-F422E3852BEB}.Debug|Any CPU.ActiveCfg = Debug|Any CPU
		{A4D3B8E4-687C-41C2-8011-F422E3852BEB}.Debug|Any CPU.Build.0 = Debug|Any CPU
		{A4D3B8E4-687C-41C2-8011-F422E3852BEB}.Release|Any CPU.ActiveCfg = Release|Any CPU
		{A4D3B8E4-687C-41C2-8011-F422E3852BEB}.Release|Any CPU.Build.0 = Release|Any CPU
	EndGlobalSection
	GlobalSection(SolutionProperties) = preSolution
		HideSolutionNode = FALSE
	EndGlobalSection
EndGlobal
